
Microsoft Visual Studio Solution File, Format Version 12.00
# Visual Studio Version 16
VisualStudioVersion = 16.0.810.7
MinimumVisualStudioVersion = 10.0.40219.1
Project("{FAE04EC0-301F-11D3-BF4B-00C04F79EFBC}") = "JustPractiseIGuess", "JustPractiseIGuess\JustPractiseIGuess.csproj", "{59899AF6-E74F-4C49-8A75-53E641FDF690}"
EndProject
Global
	GlobalSection(SolutionConfigurationPlatforms) = preSolution
		Debug|Any CPU = Debug|Any CPU
		Release|Any CPU = Release|Any CPU
	EndGlobalSection
	GlobalSection(ProjectConfigurationPlatforms) = postSolution
		{59899AF6-E74F-4C49-8A75-53E641FDF690}.Debug|Any CPU.ActiveCfg = Debug|Any CPU
		{59899AF6-E74F-4C49-8A75-53E641FDF690}.Debug|Any CPU.Build.0 = Debug|Any CPU
		{59899AF6-E74F-4C49-8A75-53E641FDF690}.Release|Any CPU.ActiveCfg = Release|Any CPU
		{59899AF6-E74F-4C49-8A75-53E641FDF690}.Release|Any CPU.Build.0 = Release|Any CPU
	EndGlobalSection
	GlobalSection(SolutionProperties) = preSolution
		HideSolutionNode = FALSE
	EndGlobalSection
	GlobalSection(ExtensibilityGlobals) = postSolution
		SolutionGuid = {9F7BE769-776C-4698-864D-759009EB4A2E}
	EndGlobalSection
EndGlobal
